
Microsoft Visual Studio Solution File, Format Version 12.00
# Visual Studio 15
VisualStudioVersion = 15.0.28307.539
MinimumVisualStudioVersion = 10.0.40219.1
Project("{FAE04EC0-301F-11D3-BF4B-00C04F79EFBC}") = "RemoteX.Controller.Android", "RemoteX.Controller\RemoteX.Controller.Android\RemoteX.Controller.Android.csproj", "{0C29948C-CA6E-42C8-870A-9BD80153F0B1}"
EndProject
Project("{FAE04EC0-301F-11D3-BF4B-00C04F79EFBC}") = "RemoteX.Controller.iOS", "RemoteX.Controller\RemoteX.Controller.iOS\RemoteX.Controller.iOS.csproj", "{76858F1D-79C8-4336-AC36-40F95F299EFC}"
EndProject
Project("{FAE04EC0-301F-11D3-BF4B-00C04F79EFBC}") = "RemoteX.Controller.UWP", "RemoteX.Controller\RemoteX.Controller.UWP\RemoteX.Controller.UWP.csproj", "{EB434045-FED1-44FE-9D52-9B142C6B4FF3}"
EndProject
Project("{FAE04EC0-301F-11D3-BF4B-00C04F79EFBC}") = "RemoteX.Controller", "RemoteX.Controller\RemoteX.Controller\RemoteX.Controller.csproj", "{1952EF6A-894D-4195-992D-6F3991A023BC}"
EndProject
Global
	GlobalSection(SolutionConfigurationPlatforms) = preSolution
		Ad-Hoc|Any CPU = Ad-Hoc|Any CPU
		Ad-Hoc|ARM = Ad-Hoc|ARM
		Ad-Hoc|iPhone = Ad-Hoc|iPhone
		Ad-Hoc|iPhoneSimulator = Ad-Hoc|iPhoneSimulator
		Ad-Hoc|x64 = Ad-Hoc|x64
		Ad-Hoc|x86 = Ad-Hoc|x86
		AppStore|Any CPU = AppStore|Any CPU
		AppStore|ARM = AppStore|ARM
		AppStore|iPhone = AppStore|iPhone
		AppStore|iPhoneSimulator = AppStore|iPhoneSimulator
		AppStore|x64 = AppStore|x64
		AppStore|x86 = AppStore|x86
		Debug|Any CPU = Debug|Any CPU
		Debug|ARM = Debug|ARM
		Debug|iPhone = Debug|iPhone
		Debug|iPhoneSimulator = Debug|iPhoneSimulator
		Debug|x64 = Debug|x64
		Debug|x86 = Debug|x86
		Release|Any CPU = Release|Any CPU
		Release|ARM = Release|ARM
		Release|iPhone = Release|iPhone
		Release|iPhoneSimulator = Release|iPhoneSimulator
		Release|x64 = Release|x64
		Release|x86 = Release|x86
	EndGlobalSection
	GlobalSection(ProjectConfigurationPlatforms) = postSolution
		{0C29948C-CA6E-42C8-870A-9BD80153F0B1}.Ad-Hoc|Any CPU.ActiveCfg = Release|Any CPU
		{0C29948C-CA6E-42C8-870A-9BD80153F0B1}.Ad-Hoc|Any CPU.Build.0 = Release|Any CPU
		{0C29948C-CA6E-42C8-870A-9BD80153F0B1}.Ad-Hoc|Any CPU.Deploy.0 = Release|Any CPU
		{0C29948C-CA6E-42C8-870A-9BD80153F0B1}.Ad-Hoc|ARM.ActiveCfg = Release|Any CPU
		{0C29948C-CA6E-42C8-870A-9BD80153F0B1}.Ad-Hoc|ARM.Build.0 = Release|Any CPU
		{0C29948C-CA6E-42C8-870A-9BD80153F0B1}.Ad-Hoc|ARM.Deploy.0 = Release|Any CPU
		{0C29948C-CA6E-42C8-870A-9BD80153F0B1}.Ad-Hoc|iPhone.ActiveCfg = Release|Any CPU
		{0C29948C-CA6E-42C8-870A-9BD80153F0B1}.Ad-Hoc|iPhone.Build.0 = Release|Any CPU
		{0C29948C-CA6E-42C8-870A-9BD80153F0B1}.Ad-Hoc|iPhone.Deploy.0 = Release|Any CPU
		{0C29948C-CA6E-42C8-870A-9BD80153F0B1}.Ad-Hoc|iPhoneSimulator.ActiveCfg = Release|Any CPU
		{0C29948C-CA6E-42C8-870A-9BD80153F0B1}.Ad-Hoc|iPhoneSimulator.Build.0 = Release|Any CPU
		{0C29948C-CA6E-42C8-870A-9BD80153F0B1}.Ad-Hoc|iPhoneSimulator.Deploy.0 = Release|Any CPU
		{0C29948C-CA6E-42C8-870A-9BD80153F0B1}.Ad-Hoc|x64.ActiveCfg = Release|Any CPU
		{0C29948C-CA6E-42C8-870A-9BD80153F0B1}.Ad-Hoc|x64.Build.0 = Release|Any CPU
		{0C29948C-CA6E-42C8-870A-9BD80153F0B1}.Ad-Hoc|x64.Deploy.0 = Release|Any CPU
		{0C29948C-CA6E-42C8-870A-9BD80153F0B1}.Ad-Hoc|x86.ActiveCfg = Release|Any CPU
		{0C29948C-CA6E-42C8-870A-9BD80153F0B1}.Ad-Hoc|x86.Build.0 = Release|Any CPU
		{0C29948C-CA6E-42C8-870A-9BD80153F0B1}.Ad-Hoc|x86.Deploy.0 = Release|Any CPU
		{0C29948C-CA6E-42C8-870A-9BD80153F0B1}.AppStore|Any CPU.ActiveCfg = Release|Any CPU
		{0C29948C-CA6E-42C8-870A-9BD80153F0B1}.AppStore|Any CPU.Build.0 = Release|Any CPU
		{0C29948C-CA6E-42C8-870A-9BD80153F0B1}.AppStore|Any CPU.Deploy.0 = Release|Any CPU
		{0C29948C-CA6E-42C8-870A-9BD80153F0B1}.AppStore|ARM.ActiveCfg = Release|Any CPU
		{0C29948C-CA6E-42C8-870A-9BD80153F0B1}.AppStore|ARM.Build.0 = Release|Any CPU
		{0C29948C-CA6E-42C8-870A-9BD80153F0B1}.AppStore|ARM.Deploy.0 = Release|Any CPU
		{0C29948C-CA6E-42C8-870A-9BD80153F0B1}.AppStore|iPhone.ActiveCfg = Release|Any CPU
		{0C29948C-CA6E-42C8-870A-9BD80153F0B1}.AppStore|iPhone.Build.0 = Release|Any CPU
		{0C29948C-CA6E-42C8-870A-9BD80153F0B1}.AppStore|iPhone.Deploy.0 = Release|Any CPU
		{0C29948C-CA6E-42C8-870A-9BD80153F0B1}.AppStore|iPhoneSimulator.ActiveCfg = Release|Any CPU
		{0C29948C-CA6E-42C8-870A-9BD80153F0B1}.AppStore|iPhoneSimulator.Build.0 = Release|Any CPU
		{0C29948C-CA6E-42C8-870A-9BD80153F0B1}.AppStore|iPhoneSimulator.Deploy.0 = Release|Any CPU
		{0C29948C-CA6E-42C8-870A-9BD80153F0B1}.AppStore|x64.ActiveCfg = Release|Any CPU
		{0C29948C-CA6E-42C8-870A-9BD80153F0B1}.AppStore|x64.Build.0 = Release|Any CPU
		{0C29948C-CA6E-42C8-870A-9BD80153F0B1}.AppStore|x64.Deploy.0 = Release|Any CPU
		{0C29948C-CA6E-42C8-870A-9BD80153F0B1}.AppStore|x86.ActiveCfg = Release|Any CPU
		{0C29948C-CA6E-42C8-870A-9BD80153F0B1}.AppStore|x86.Build.0 = Release|Any CPU
		{0C29948C-CA6E-42C8-870A-9BD80153F0B1}.AppStore|x86.Deploy.0 = Release|Any CPU
		{0C29948C-CA6E-42C8-870A-9BD80153F0B1}.Debug|Any CPU.ActiveCfg = Debug|Any CPU
		{0C29948C-CA6E-42C8-870A-9BD80153F0B1}.Debug|Any CPU.Build.0 = Debug|Any CPU
		{0C29948C-CA6E-42C8-870A-9BD80153F0B1}.Debug|Any CPU.Deploy.0 = Debug|Any CPU
		{0C29948C-CA6E-42C8-870A-9BD80153F0B1}.Debug|ARM.ActiveCfg = Debug|Any CPU
		{0C29948C-CA6E-42C8-870A-9BD80153F0B1}.Debug|ARM.Build.0 = Debug|Any CPU
		{0C29948C-CA6E-42C8-870A-9BD80153F0B1}.Debug|ARM.Deploy.0 = Debug|Any CPU
		{0C29948C-CA6E-42C8-870A-9BD80153F0B1}.Debug|iPhone.ActiveCfg = Debug|Any CPU
		{0C29948C-CA6E-42C8-870A-9BD80153F0B1}.Debug|iPhone.Build.0 = Debug|Any CPU
		{0C29948C-CA6E-42C8-870A-9BD80153F0B1}.Debug|iPhone.Deploy.0 = Debug|Any CPU
		{0C29948C-CA6E-42C8-870A-9BD80153F0B1}.Debug|iPhoneSimulator.ActiveCfg = Debug|Any CPU
		{0C29948C-CA6E-42C8-870A-9BD80153F0B1}.Debug|iPhoneSimulator.Build.0 = Debug|Any CPU
		{0C29948C-CA6E-42C8-870A-9BD80153F0B1}.Debug|iPhoneSimulator.Deploy.0 = Debug|Any CPU
		{0C29948C-CA6E-42C8-870A-9BD80153F0B1}.Debug|x64.ActiveCfg = Debug|Any CPU
		{0C29948C-CA6E-42C8-870A-9BD80153F0B1}.Debug|x64.Build.0 = Debug|Any CPU
		{0C29948C-CA6E-42C8-870A-9BD80153F0B1}.Debug|x64.Deploy.0 = Debug|Any CPU
		{0C29948C-CA6E-42C8-870A-9BD80153F0B1}.Debug|x86.ActiveCfg = Debug|Any CPU
		{0C29948C-CA6E-42C8-870A-9BD80153F0B1}.Debug|x86.Build.0 = Debug|Any CPU
		{0C29948C-CA6E-42C8-870A-9BD80153F0B1}.Debug|x86.Deploy.0 = Debug|Any CPU
		{0C29948C-CA6E-42C8-870A-9BD80153F0B1}.Release|Any CPU.ActiveCfg = Release|Any CPU
		{0C29948C-CA6E-42C8-870A-9BD80153F0B1}.Release|Any CPU.Build.0 = Release|Any CPU
		{0C29948C-CA6E-42C8-870A-9BD80153F0B1}.Release|Any CPU.Deploy.0 = Release|Any CPU
		{0C29948C-CA6E-42C8-870A-9BD80153F0B1}.Release|ARM.ActiveCfg = Release|Any CPU
		{0C29948C-CA6E-42C8-870A-9BD80153F0B1}.Release|ARM.Build.0 = Release|Any CPU
		{0C29948C-CA6E-42C8-870A-9BD80153F0B1}.Release|ARM.Deploy.0 = Release|Any CPU
		{0C29948C-CA6E-42C8-870A-9BD80153F0B1}.Release|iPhone.ActiveCfg = Release|Any CPU
		{0C29948C-CA6E-42C8-870A-9BD80153F0B1}.Release|iPhone.Build.0 = Release|Any CPU
		{0C29948C-CA6E-42C8-870A-9BD80153F0B1}.Release|iPhone.Deploy.0 = Release|Any CPU
		{0C29948C-CA6E-42C8-870A-9BD80153F0B1}.Release|iPhoneSimulator.ActiveCfg = Release|Any CPU
		{0C29948C-CA6E-42C8-870A-9BD80153F0B1}.Release|iPhoneSimulator.Build.0 = Release|Any CPU
		{0C29948C-CA6E-42C8-870A-9BD80153F0B1}.Release|iPhoneSimulator.Deploy.0 = Release|Any CPU
		{0C29948C-CA6E-42C8-870A-9BD80153F0B1}.Release|x64.ActiveCfg = Release|Any CPU
		{0C29948C-CA6E-42C8-870A-9BD80153F0B1}.Release|x64.Build.0 = Release|Any CPU
		{0C29948C-CA6E-42C8-870A-9BD80153F0B1}.Release|x64.Deploy.0 = Release|Any CPU
		{0C29948C-CA6E-42C8-870A-9BD80153F0B1}.Release|x86.ActiveCfg = Release|Any CPU
		{0C29948C-CA6E-42C8-870A-9BD80153F0B1}.Release|x86.Build.0 = Release|Any CPU
		{0C29948C-CA6E-42C8-870A-9BD80153F0B1}.Release|x86.Deploy.0 = Release|Any CPU
		{76858F1D-79C8-4336-AC36-40F95F299EFC}.Ad-Hoc|Any CPU.ActiveCfg = Ad-Hoc|iPhone
		{76858F1D-79C8-4336-AC36-40F95F299EFC}.Ad-Hoc|Any CPU.Build.0 = Ad-Hoc|iPhone
		{76858F1D-79C8-4336-AC36-40F95F299EFC}.Ad-Hoc|Any CPU.Deploy.0 = Ad-Hoc|iPhone
		{76858F1D-79C8-4336-AC36-40F95F299EFC}.Ad-Hoc|ARM.ActiveCfg = Ad-Hoc|iPhone
		{76858F1D-79C8-4336-AC36-40F95F299EFC}.Ad-Hoc|ARM.Build.0 = Ad-Hoc|iPhone
		{76858F1D-79C8-4336-AC36-40F95F299EFC}.Ad-Hoc|ARM.Deploy.0 = Ad-Hoc|iPhone
		{76858F1D-79C8-4336-AC36-40F95F299EFC}.Ad-Hoc|iPhone.ActiveCfg = Ad-Hoc|iPhone
		{76858F1D-79C8-4336-AC36-40F95F299EFC}.Ad-Hoc|iPhone.Build.0 = Ad-Hoc|iPhone
		{76858F1D-79C8-4336-AC36-40F95F299EFC}.Ad-Hoc|iPhone.Deploy.0 = Ad-Hoc|iPhone
		{76858F1D-79C8-4336-AC36-40F95F299EFC}.Ad-Hoc|iPhoneSimulator.ActiveCfg = Ad-Hoc|iPhoneSimulator
		{76858F1D-79C8-4336-AC36-40F95F299EFC}.Ad-Hoc|iPhoneSimulator.Build.0 = Ad-Hoc|iPhoneSimulator
		{76858F1D-79C8-4336-AC36-40F95F299EFC}.Ad-Hoc|iPhoneSimulator.Deploy.0 = Ad-Hoc|iPhoneSimulator
		{76858F1D-79C8-4336-AC36-40F95F299EFC}.Ad-Hoc|x64.ActiveCfg = Ad-Hoc|iPhone
		{76858F1D-79C8-4336-AC36-40F95F299EFC}.Ad-Hoc|x64.Build.0 = Ad-Hoc|iPhone
		{76858F1D-79C8-4336-AC36-40F95F299EFC}.Ad-Hoc|x64.Deploy.0 = Ad-Hoc|iPhone
		{76858F1D-79C8-4336-AC36-40F95F299EFC}.Ad-Hoc|x86.ActiveCfg = Ad-Hoc|iPhone
		{76858F1D-79C8-4336-AC36-40F95F299EFC}.Ad-Hoc|x86.Build.0 = Ad-Hoc|iPhone
		{76858F1D-79C8-4336-AC36-40F95F299EFC}.Ad-Hoc|x86.Deploy.0 = Ad-Hoc|iPhone
		{76858F1D-79C8-4336-AC36-40F95F299EFC}.AppStore|Any CPU.ActiveCfg = AppStore|iPhone
		{76858F1D-79C8-4336-AC36-40F95F299EFC}.AppStore|Any CPU.Build.0 = AppStore|iPhone
		{76858F1D-79C8-4336-AC36-40F95F299EFC}.AppStore|Any CPU.Deploy.0 = AppStore|iPhone
		{76858F1D-79C8-4336-AC36-40F95F299EFC}.AppStore|ARM.ActiveCfg = AppStore|iPhone
		{76858F1D-79C8-4336-AC36-40F95F299EFC}.AppStore|ARM.Build.0 = AppStore|iPhone
		{76858F1D-79C8-4336-AC36-40F95F299EFC}.AppStore|ARM.Deploy.0 = AppStore|iPhone
		{76858F1D-79C8-4336-AC36-40F95F299EFC}.AppStore|iPhone.ActiveCfg = AppStore|iPhone
		{76858F1D-79C8-4336-AC36-40F95F299EFC}.AppStore|iPhone.Build.0 = AppStore|iPhone
		{76858F1D-79C8-4336-AC36-40F95F299EFC}.AppStore|iPhone.Deploy.0 = AppStore|iPhone
		{76858F1D-79C8-4336-AC36-40F95F299EFC}.AppStore|iPhoneSimulator.ActiveCfg = AppStore|iPhoneSimulator
		{76858F1D-79C8-4336-AC36-40F95F299EFC}.AppStore|iPhoneSimulator.Build.0 = AppStore|iPhoneSimulator
		{76858F1D-79C8-4336-AC36-40F95F299EFC}.AppStore|iPhoneSimulator.Deploy.0 = AppStore|iPhoneSimulator
		{76858F1D-79C8-4336-AC36-40F95F299EFC}.AppStore|x64.ActiveCfg = AppStore|iPhone
		{76858F1D-79C8-4336-AC36-40F95F299EFC}.AppStore|x64.Build.0 = AppStore|iPhone
		{76858F1D-79C8-4336-AC36-40F95F299EFC}.AppStore|x64.Deploy.0 = AppStore|iPhone
		{76858F1D-79C8-4336-AC36-40F95F299EFC}.AppStore|x86.ActiveCfg = AppStore|iPhone
		{76858F1D-79C8-4336-AC36-40F95F299EFC}.AppStore|x86.Build.0 = AppStore|iPhone
		{76858F1D-79C8-4336-AC36-40F95F299EFC}.AppStore|x86.Deploy.0 = AppStore|iPhone
		{76858F1D-79C8-4336-AC36-40F95F299EFC}.Debug|Any CPU.ActiveCfg = Debug|iPhoneSimulator
		{76858F1D-79C8-4336-AC36-40F95F299EFC}.Debug|Any CPU.Build.0 = Debug|iPhoneSimulator
		{76858F1D-79C8-4336-AC36-40F95F299EFC}.Debug|Any CPU.Deploy.0 = Debug|iPhoneSimulator
		{76858F1D-79C8-4336-AC36-40F95F299EFC}.Debug|ARM.ActiveCfg = Debug|iPhone
		{76858F1D-79C8-4336-AC36-40F95F299EFC}.Debug|ARM.Build.0 = Debug|iPhone
		{76858F1D-79C8-4336-AC36-40F95F299EFC}.Debug|ARM.Deploy.0 = Debug|iPhone
		{76858F1D-79C8-4336-AC36-40F95F299EFC}.Debug|iPhone.ActiveCfg = Debug|iPhone
		{76858F1D-79C8-4336-AC36-40F95F299EFC}.Debug|iPhone.Build.0 = Debug|iPhone
		{76858F1D-79C8-4336-AC36-40F95F299EFC}.Debug|iPhone.Deploy.0 = Debug|iPhone
		{76858F1D-79C8-4336-AC36-40F95F299EFC}.Debug|iPhoneSimulator.ActiveCfg = Debug|iPhoneSimulator
		{76858F1D-79C8-4336-AC36-40F95F299EFC}.Debug|iPhoneSimulator.Build.0 = Debug|iPhoneSimulator
		{76858F1D-79C8-4336-AC36-40F95F299EFC}.Debug|iPhoneSimulator.Deploy.0 = Debug|iPhoneSimulator
		{76858F1D-79C8-4336-AC36-40F95F299EFC}.Debug|x64.ActiveCfg = Debug|iPhone
		{76858F1D-79C8-4336-AC36-40F95F299EFC}.Debug|x64.Build.0 = Debug|iPhone
		{76858F1D-79C8-4336-AC36-40F95F299EFC}.Debug|x64.Deploy.0 = Debug|iPhone
		{76858F1D-79C8-4336-AC36-40F95F299EFC}.Debug|x86.ActiveCfg = Debug|iPhone
		{76858F1D-79C8-4336-AC36-40F95F299EFC}.Debug|x86.Build.0 = Debug|iPhone
		{76858F1D-79C8-4336-AC36-40F95F299EFC}.Debug|x86.Deploy.0 = Debug|iPhone
		{76858F1D-79C8-4336-AC36-40F95F299EFC}.Release|Any CPU.ActiveCfg = Release|iPhone
		{76858F1D-79C8-4336-AC36-40F95F299EFC}.Release|Any CPU.Build.0 = Release|iPhone
		{76858F1D-79C8-4336-AC36-40F95F299EFC}.Release|Any CPU.Deploy.0 = Release|iPhone
		{76858F1D-79C8-4336-AC36-40F95F299EFC}.Release|ARM.ActiveCfg = Release|iPhone
		{76858F1D-79C8-4336-AC36-40F95F299EFC}.Release|ARM.Build.0 = Release|iPhone
		{76858F1D-79C8-4336-AC36-40F95F299EFC}.Release|ARM.Deploy.0 = Release|iPhone
		{76858F1D-79C8-4336-AC36-40F95F299EFC}.Release|iPhone.ActiveCfg = Release|iPhone
		{76858F1D-79C8-4336-AC36-40F95F299EFC}.Release|iPhone.Build.0 = Release|iPhone
		{76858F1D-79C8-4336-AC36-40F95F299EFC}.Release|iPhone.Deploy.0 = Release|iPhone
		{76858F1D-79C8-4336-AC36-40F95F299EFC}.Release|iPhoneSimulator.ActiveCfg = Release|iPhoneSimulator
		{76858F1D-79C8-4336-AC36-40F95F299EFC}.Release|iPhoneSimulator.Build.0 = Release|iPhoneSimulator
		{76858F1D-79C8-4336-AC36-40F95F299EFC}.Release|iPhoneSimulator.Deploy.0 = Release|iPhoneSimulator
		{76858F1D-79C8-4336-AC36-40F95F299EFC}.Release|x64.ActiveCfg = Release|iPhone
		{76858F1D-79C8-4336-AC36-40F95F299EFC}.Release|x64.Build.0 = Release|iPhone
		{76858F1D-79C8-4336-AC36-40F95F299EFC}.Release|x64.Deploy.0 = Release|iPhone
		{76858F1D-79C8-4336-AC36-40F95F299EFC}.Release|x86.ActiveCfg = Release|iPhone
		{76858F1D-79C8-4336-AC36-40F95F299EFC}.Release|x86.Build.0 = Release|iPhone
		{76858F1D-79C8-4336-AC36-40F95F299EFC}.Release|x86.Deploy.0 = Release|iPhone
		{EB434045-FED1-44FE-9D52-9B142C6B4FF3}.Ad-Hoc|Any CPU.ActiveCfg = Release|x86
		{EB434045-FED1-44FE-9D52-9B142C6B4FF3}.Ad-Hoc|Any CPU.Build.0 = Release|x86
		{EB434045-FED1-44FE-9D52-9B142C6B4FF3}.Ad-Hoc|Any CPU.Deploy.0 = Release|x86
		{EB434045-FED1-44FE-9D52-9B142C6B4FF3}.Ad-Hoc|ARM.ActiveCfg = Release|ARM
		{EB434045-FED1-44FE-9D52-9B142C6B4FF3}.Ad-Hoc|ARM.Build.0 = Release|ARM
		{EB434045-FED1-44FE-9D52-9B142C6B4FF3}.Ad-Hoc|ARM.Deploy.0 = Release|ARM
		{EB434045-FED1-44FE-9D52-9B142C6B4FF3}.Ad-Hoc|iPhone.ActiveCfg = Release|x86
		{EB434045-FED1-44FE-9D52-9B142C6B4FF3}.Ad-Hoc|iPhone.Build.0 = Release|x86
		{EB434045-FED1-44FE-9D52-9B142C6B4FF3}.Ad-Hoc|iPhone.Deploy.0 = Release|x86
		{EB434045-FED1-44FE-9D52-9B142C6B4FF3}.Ad-Hoc|iPhoneSimulator.ActiveCfg = Release|x86
		{EB434045-FED1-44FE-9D52-9B142C6B4FF3}.Ad-Hoc|iPhoneSimulator.Build.0 = Release|x86
		{EB434045-FED1-44FE-9D52-9B142C6B4FF3}.Ad-Hoc|iPhoneSimulator.Deploy.0 = Release|x86
		{EB434045-FED1-44FE-9D52-9B142C6B4FF3}.Ad-Hoc|x64.ActiveCfg = Release|x64
		{EB434045-FED1-44FE-9D52-9B142C6B4FF3}.Ad-Hoc|x64.Build.0 = Release|x64
		{EB434045-FED1-44FE-9D52-9B142C6B4FF3}.Ad-Hoc|x64.Deploy.0 = Release|x64
		{EB434045-FED1-44FE-9D52-9B142C6B4FF3}.Ad-Hoc|x86.ActiveCfg = Release|x86
		{EB434045-FED1-44FE-9D52-9B142C6B4FF3}.Ad-Hoc|x86.Build.0 = Release|x86
		{EB434045-FED1-44FE-9D52-9B142C6B4FF3}.Ad-Hoc|x86.Deploy.0 = Release|x86
		{EB434045-FED1-44FE-9D52-9B142C6B4FF3}.AppStore|Any CPU.ActiveCfg = Release|x86
		{EB434045-FED1-44FE-9D52-9B142C6B4FF3}.AppStore|Any CPU.Build.0 = Release|x86
		{EB434045-FED1-44FE-9D52-9B142C6B4FF3}.AppStore|Any CPU.Deploy.0 = Release|x86
		{EB434045-FED1-44FE-9D52-9B142C6B4FF3}.AppStore|ARM.ActiveCfg = Release|ARM
		{EB434045-FED1-44FE-9D52-9B142C6B4FF3}.AppStore|ARM.Build.0 = Release|ARM
		{EB434045-FED1-44FE-9D52-9B142C6B4FF3}.AppStore|ARM.Deploy.0 = Release|ARM
		{EB434045-FED1-44FE-9D52-9B142C6B4FF3}.AppStore|iPhone.ActiveCfg = Release|x86
		{EB434045-FED1-44FE-9D52-9B142C6B4FF3}.AppStore|iPhone.Build.0 = Release|x86
		{EB434045-FED1-44FE-9D52-9B142C6B4FF3}.AppStore|iPhone.Deploy.0 = Release|x86
		{EB434045-FED1-44FE-9D52-9B142C6B4FF3}.AppStore|iPhoneSimulator.ActiveCfg = Release|x86
		{EB434045-FED1-44FE-9D52-9B142C6B4FF3}.AppStore|iPhoneSimulator.Build.0 = Release|x86
		{EB434045-FED1-44FE-9D52-9B142C6B4FF3}.AppStore|iPhoneSimulator.Deploy.0 = Release|x86
		{EB434045-FED1-44FE-9D52-9B142C6B4FF3}.AppStore|x64.ActiveCfg = Release|x64
		{EB434045-FED1-44FE-9D52-9B142C6B4FF3}.AppStore|x64.Build.0 = Release|x64
		{EB434045-FED1-44FE-9D52-9B142C6B4FF3}.AppStore|x64.Deploy.0 = Release|x64
		{EB434045-FED1-44FE-9D52-9B142C6B4FF3}.AppStore|x86.ActiveCfg = Release|x86
		{EB434045-FED1-44FE-9D52-9B142C6B4FF3}.AppStore|x86.Build.0 = Release|x86
		{EB434045-FED1-44FE-9D52-9B142C6B4FF3}.AppStore|x86.Deploy.0 = Release|x86
		{EB434045-FED1-44FE-9D52-9B142C6B4FF3}.Debug|Any CPU.ActiveCfg = Debug|x86
		{EB434045-FED1-44FE-9D52-9B142C6B4FF3}.Debug|Any CPU.Build.0 = Debug|x86
		{EB434045-FED1-44FE-9D52-9B142C6B4FF3}.Debug|Any CPU.Deploy.0 = Debug|x86
		{EB434045-FED1-44FE-9D52-9B142C6B4FF3}.Debug|ARM.ActiveCfg = Debug|ARM
		{EB434045-FED1-44FE-9D52-9B142C6B4FF3}.Debug|ARM.Build.0 = Debug|ARM
		{EB434045-FED1-44FE-9D52-9B142C6B4FF3}.Debug|ARM.Deploy.0 = Debug|ARM
		{EB434045-FED1-44FE-9D52-9B142C6B4FF3}.Debug|iPhone.ActiveCfg = Debug|x86
		{EB434045-FED1-44FE-9D52-9B142C6B4FF3}.Debug|iPhone.Build.0 = Debug|x86
		{EB434045-FED1-44FE-9D52-9B142C6B4FF3}.Debug|iPhone.Deploy.0 = Debug|x86
		{EB434045-FED1-44FE-9D52-9B142C6B4FF3}.Debug|iPhoneSimulator.ActiveCfg = Debug|x86
		{EB434045-FED1-44FE-9D52-9B142C6B4FF3}.Debug|iPhoneSimulator.Build.0 = Debug|x86
		{EB434045-FED1-44FE-9D52-9B142C6B4FF3}.Debug|iPhoneSimulator.Deploy.0 = Debug|x86
		{EB434045-FED1-44FE-9D52-9B142C6B4FF3}.Debug|x64.ActiveCfg = Debug|x64
		{EB434045-FED1-44FE-9D52-9B142C6B4FF3}.Debug|x64.Build.0 = Debug|x64
		{EB434045-FED1-44FE-9D52-9B142C6B4FF3}.Debug|x64.Deploy.0 = Debug|x64
		{EB434045-FED1-44FE-9D52-9B142C6B4FF3}.Debug|x86.ActiveCfg = Debug|x86
		{EB434045-FED1-44FE-9D52-9B142C6B4FF3}.Debug|x86.Build.0 = Debug|x86
		{EB434045-FED1-44FE-9D52-9B142C6B4FF3}.Debug|x86.Deploy.0 = Debug|x86
		{EB434045-FED1-44FE-9D52-9B142C6B4FF3}.Release|Any CPU.ActiveCfg = Release|x86
		{EB434045-FED1-44FE-9D52-9B142C6B4FF3}.Release|Any CPU.Build.0 = Release|x86
		{EB434045-FED1-44FE-9D52-9B142C6B4FF3}.Release|Any CPU.Deploy.0 = Release|x86
		{EB434045-FED1-44FE-9D52-9B142C6B4FF3}.Release|ARM.ActiveCfg = Release|ARM
		{EB434045-FED1-44FE-9D52-9B142C6B4FF3}.Release|ARM.Build.0 = Release|ARM
		{EB434045-FED1-44FE-9D52-9B142C6B4FF3}.Release|ARM.Deploy.0 = Release|ARM
		{EB434045-FED1-44FE-9D52-9B142C6B4FF3}.Release|iPhone.ActiveCfg = Release|x86
		{EB434045-FED1-44FE-9D52-9B142C6B4FF3}.Release|iPhone.Build.0 = Release|x86
		{EB434045-FED1-44FE-9D52-9B142C6B4FF3}.Release|iPhone.Deploy.0 = Release|x86
		{EB434045-FED1-44FE-9D52-9B142C6B4FF3}.Release|iPhoneSimulator.ActiveCfg = Release|x86
		{EB434045-FED1-44FE-9D52-9B142C6B4FF3}.Release|iPhoneSimulator.Build.0 = Release|x86
		{EB434045-FED1-44FE-9D52-9B142C6B4FF3}.Release|iPhoneSimulator.Deploy.0 = Release|x86
		{EB434045-FED1-44FE-9D52-9B142C6B4FF3}.Release|x64.ActiveCfg = Release|x64
		{EB434045-FED1-44FE-9D52-9B142C6B4FF3}.Release|x64.Build.0 = Release|x64
		{EB434045-FED1-44FE-9D52-9B142C6B4FF3}.Release|x64.Deploy.0 = Release|x64
		{EB434045-FED1-44FE-9D52-9B142C6B4FF3}.Release|x86.ActiveCfg = Release|x86
		{EB434045-FED1-44FE-9D52-9B142C6B4FF3}.Release|x86.Build.0 = Release|x86
		{EB434045-FED1-44FE-9D52-9B142C6B4FF3}.Release|x86.Deploy.0 = Release|x86
		{1952EF6A-894D-4195-992D-6F3991A023BC}.Ad-Hoc|Any CPU.ActiveCfg = Debug|Any CPU
		{1952EF6A-894D-4195-992D-6F3991A023BC}.Ad-Hoc|Any CPU.Build.0 = Debug|Any CPU
		{1952EF6A-894D-4195-992D-6F3991A023BC}.Ad-Hoc|Any CPU.Deploy.0 = Debug|Any CPU
		{1952EF6A-894D-4195-992D-6F3991A023BC}.Ad-Hoc|ARM.ActiveCfg = Debug|Any CPU
		{1952EF6A-894D-4195-992D-6F3991A023BC}.Ad-Hoc|ARM.Build.0 = Debug|Any CPU
		{1952EF6A-894D-4195-992D-6F3991A023BC}.Ad-Hoc|ARM.Deploy.0 = Debug|Any CPU
		{1952EF6A-894D-4195-992D-6F3991A023BC}.Ad-Hoc|iPhone.ActiveCfg = Debug|Any CPU
		{1952EF6A-894D-4195-992D-6F3991A023BC}.Ad-Hoc|iPhone.Build.0 = Debug|Any CPU
		{1952EF6A-894D-4195-992D-6F3991A023BC}.Ad-Hoc|iPhone.Deploy.0 = Debug|Any CPU
		{1952EF6A-894D-4195-992D-6F3991A023BC}.Ad-Hoc|iPhoneSimulator.ActiveCfg = Debug|Any CPU
		{1952EF6A-894D-4195-992D-6F3991A023BC}.Ad-Hoc|iPhoneSimulator.Build.0 = Debug|Any CPU
		{1952EF6A-894D-4195-992D-6F3991A023BC}.Ad-Hoc|iPhoneSimulator.Deploy.0 = Debug|Any CPU
		{1952EF6A-894D-4195-992D-6F3991A023BC}.Ad-Hoc|x64.ActiveCfg = Debug|Any CPU
		{1952EF6A-894D-4195-992D-6F3991A023BC}.Ad-Hoc|x64.Build.0 = Debug|Any CPU
		{1952EF6A-894D-4195-992D-6F3991A023BC}.Ad-Hoc|x64.Deploy.0 = Debug|Any CPU
		{1952EF6A-894D-4195-992D-6F3991A023BC}.Ad-Hoc|x86.ActiveCfg = Debug|Any CPU
		{1952EF6A-894D-4195-992D-6F3991A023BC}.Ad-Hoc|x86.Build.0 = Debug|Any CPU
		{1952EF6A-894D-4195-992D-6F3991A023BC}.Ad-Hoc|x86.Deploy.0 = Debug|Any CPU
		{1952EF6A-894D-4195-992D-6F3991A023BC}.AppStore|Any CPU.ActiveCfg = Debug|Any CPU
		{1952EF6A-894D-4195-992D-6F3991A023BC}.AppStore|Any CPU.Build.0 = Debug|Any CPU
		{1952EF6A-894D-4195-992D-6F3991A023BC}.AppStore|Any CPU.Deploy.0 = Debug|Any CPU
		{1952EF6A-894D-4195-992D-6F3991A023BC}.AppStore|ARM.ActiveCfg = Debug|Any CPU
		{1952EF6A-894D-4195-992D-6F3991A023BC}.AppStore|ARM.Build.0 = Debug|Any CPU
		{1952EF6A-894D-4195-992D-6F3991A023BC}.AppStore|ARM.Deploy.0 = Debug|Any CPU
		{1952EF6A-894D-4195-992D-6F3991A023BC}.AppStore|iPhone.ActiveCfg = Debug|Any CPU
		{1952EF6A-894D-4195-992D-6F3991A023BC}.AppStore|iPhone.Build.0 = Debug|Any CPU
		{1952EF6A-894D-4195-992D-6F3991A023BC}.AppStore|iPhone.Deploy.0 = Debug|Any CPU
		{1952EF6A-894D-4195-992D-6F3991A023BC}.AppStore|iPhoneSimulator.ActiveCfg = Debug|Any CPU
		{1952EF6A-894D-4195-992D-6F3991A023BC}.AppStore|iPhoneSimulator.Build.0 = Debug|Any CPU
		{1952EF6A-894D-4195-992D-6F3991A023BC}.AppStore|iPhoneSimulator.Deploy.0 = Debug|Any CPU
		{1952EF6A-894D-4195-992D-6F3991A023BC}.AppStore|x64.ActiveCfg = Debug|Any CPU
		{1952EF6A-894D-4195-992D-6F3991A023BC}.AppStore|x64.Build.0 = Debug|Any CPU
		{1952EF6A-894D-4195-992D-6F3991A023BC}.AppStore|x64.Deploy.0 = Debug|Any CPU
		{1952EF6A-894D-4195-992D-6F3991A023BC}.AppStore|x86.ActiveCfg = Debug|Any CPU
		{1952EF6A-894D-4195-992D-6F3991A023BC}.AppStore|x86.Build.0 = Debug|Any CPU
		{1952EF6A-894D-4195-992D-6F3991A023BC}.AppStore|x86.Deploy.0 = Debug|Any CPU
		{1952EF6A-894D-4195-992D-6F3991A023BC}.Debug|Any CPU.ActiveCfg = Debug|Any CPU
		{1952EF6A-894D-4195-992D-6F3991A023BC}.Debug|Any CPU.Build.0 = Debug|Any CPU
		{1952EF6A-894D-4195-992D-6F3991A023BC}.Debug|Any CPU.Deploy.0 = Debug|Any CPU
		{1952EF6A-894D-4195-992D-6F3991A023BC}.Debug|ARM.ActiveCfg = Debug|Any CPU
		{1952EF6A-894D-4195-992D-6F3991A023BC}.Debug|ARM.Build.0 = Debug|Any CPU
		{1952EF6A-894D-4195-992D-6F3991A023BC}.Debug|ARM.Deploy.0 = Debug|Any CPU
		{1952EF6A-894D-4195-992D-6F3991A023BC}.Debug|iPhone.ActiveCfg = Debug|Any CPU
		{1952EF6A-894D-4195-992D-6F3991A023BC}.Debug|iPhone.Build.0 = Debug|Any CPU
		{1952EF6A-894D-4195-992D-6F3991A023BC}.Debug|iPhone.Deploy.0 = Debug|Any CPU
		{1952EF6A-894D-4195-992D-6F3991A023BC}.Debug|iPhoneSimulator.ActiveCfg = Debug|Any CPU
		{1952EF6A-894D-4195-992D-6F3991A023BC}.Debug|iPhoneSimulator.Build.0 = Debug|Any CPU
		{1952EF6A-894D-4195-992D-6F3991A023BC}.Debug|iPhoneSimulator.Deploy.0 = Debug|Any CPU
		{1952EF6A-894D-4195-992D-6F3991A023BC}.Debug|x64.ActiveCfg = Debug|Any CPU
		{1952EF6A-894D-4195-992D-6F3991A023BC}.Debug|x64.Build.0 = Debug|Any CPU
		{1952EF6A-894D-4195-992D-6F3991A023BC}.Debug|x64.Deploy.0 = Debug|Any CPU
		{1952EF6A-894D-4195-992D-6F3991A023BC}.Debug|x86.ActiveCfg = Debug|Any CPU
		{1952EF6A-894D-4195-992D-6F3991A023BC}.Debug|x86.Build.0 = Debug|Any CPU
		{1952EF6A-894D-4195-992D-6F3991A023BC}.Debug|x86.Deploy.0 = Debug|Any CPU
		{1952EF6A-894D-4195-992D-6F3991A023BC}.Release|Any CPU.ActiveCfg = Release|Any CPU
		{1952EF6A-894D-4195-992D-6F3991A023BC}.Release|Any CPU.Build.0 = Release|Any CPU
		{1952EF6A-894D-4195-992D-6F3991A023BC}.Release|Any CPU.Deploy.0 = Release|Any CPU
		{1952EF6A-894D-4195-992D-6F3991A023BC}.Release|ARM.ActiveCfg = Release|Any CPU
		{1952EF6A-894D-4195-992D-6F3991A023BC}.Release|ARM.Build.0 = Release|Any CPU
		{1952EF6A-894D-4195-992D-6F3991A023BC}.Release|ARM.Deploy.0 = Release|Any CPU
		{1952EF6A-894D-4195-992D-6F3991A023BC}.Release|iPhone.ActiveCfg = Release|Any CPU
		{1952EF6A-894D-4195-992D-6F3991A023BC}.Release|iPhone.Build.0 = Release|Any CPU
		{1952EF6A-894D-4195-992D-6F3991A023BC}.Release|iPhone.Deploy.0 = Release|Any CPU
		{1952EF6A-894D-4195-992D-6F3991A023BC}.Release|iPhoneSimulator.ActiveCfg = Release|Any CPU
		{1952EF6A-894D-4195-992D-6F3991A023BC}.Release|iPhoneSimulator.Build.0 = Release|Any CPU
		{1952EF6A-894D-4195-992D-6F3991A023BC}.Release|iPhoneSimulator.Deploy.0 = Release|Any CPU
		{1952EF6A-894D-4195-992D-6F3991A023BC}.Release|x64.ActiveCfg = Release|Any CPU
		{1952EF6A-894D-4195-992D-6F3991A023BC}.Release|x64.Build.0 = Release|Any CPU
		{1952EF6A-894D-4195-992D-6F3991A023BC}.Release|x64.Deploy.0 = Release|Any CPU
		{1952EF6A-894D-4195-992D-6F3991A023BC}.Release|x86.ActiveCfg = Release|Any CPU
		{1952EF6A-894D-4195-992D-6F3991A023BC}.Release|x86.Build.0 = Release|Any CPU
		{1952EF6A-894D-4195-992D-6F3991A023BC}.Release|x86.Deploy.0 = Release|Any CPU
	EndGlobalSection
	GlobalSection(SolutionProperties) = preSolution
		HideSolutionNode = FALSE
	EndGlobalSection
	GlobalSection(ExtensibilityGlobals) = postSolution
		SolutionGuid = {71AB78D8-4325-4100-A965-A3A538953D0E}
	EndGlobalSection
EndGlobal
